Microsoft Visual Studio Solution File, Format Version 8.00
Project("{8BC9CEB8-8B4A-11D0-8D11-00A0C91BC942}") = "Utils", "Utils.vcproj", "{9CC7A5BD-ABC9-493F-9C65-B5AC915E461B}"
	ProjectSection(ProjectDependencies) = postProject
	EndProjectSection
EndProject
Global
	GlobalSection(SolutionConfiguration) = preSolution
		Debug = Debug
		Release = Release
	EndGlobalSection
	GlobalSection(ProjectConfiguration) = postSolution
		{9CC7A5BD-ABC9-493F-9C65-B5AC915E461B}.Debug.ActiveCfg = Debug|Win32
		{9CC7A5BD-ABC9-493F-9C65-B5AC915E461B}.Debug.Build.0 = Debug|Win32
		{9CC7A5BD-ABC9-493F-9C65-B5AC915E461B}.Release.ActiveCfg = Release|Win32
		{9CC7A5BD-ABC9-493F-9C65-B5AC915E461B}.Release.Build.0 = Release|Win32
	EndGlobalSection
	GlobalSection(ExtensibilityGlobals) = postSolution
	EndGlobalSection
	GlobalSection(ExtensibilityAddIns) = postSolution
	EndGlobalSection
EndGlobal
